// !$*UTF8*$!
{
	archiveVersion = 1;
	classes = {
	};
	objectVersion = 46;
	objects = {

/* Begin PBXBuildFile section */
		957B25741C7ECA15005555F3 /* RidesController.swift in Sources */ = {isa = PBXBuildFile; fileRef = 957B25731C7ECA15005555F3 /* RidesController.swift */; };
		957B25761C7F90D7005555F3 /* RidesTableViewCell.swift in Sources */ = {isa = PBXBuildFile; fileRef = 957B25751C7F90D7005555F3 /* RidesTableViewCell.swift */; };
		957B25781C80DB87005555F3 /* MessagesViewController.swift in Sources */ = {isa = PBXBuildFile; fileRef = 957B25771C80DB87005555F3 /* MessagesViewController.swift */; };
		958523A21C7A31B300D6F9C6 /* QuartzCore.framework in Frameworks */ = {isa = PBXBuildFile; fileRef = 958523A11C7A31B300D6F9C6 /* QuartzCore.framework */; };
		958523A41C7A332F00D6F9C6 /* PlacesCollectionCell.swift in Sources */ = {isa = PBXBuildFile; fileRef = 958523A31C7A332F00D6F9C6 /* PlacesCollectionCell.swift */; };
		95DAF6B51C7829B00066C435 /* TopPlacesRepository.swift in Sources */ = {isa = PBXBuildFile; fileRef = 95DAF6B41C7829B00066C435 /* TopPlacesRepository.swift */; };
		95DAF6B61C7829B00066C435 /* TopPlacesRepository.swift in Sources */ = {isa = PBXBuildFile; fileRef = 95DAF6B41C7829B00066C435 /* TopPlacesRepository.swift */; };
		95F0914E1C75847100EDA2B5 /* AppDelegate.swift in Sources */ = {isa = PBXBuildFile; fileRef = 95F0914D1C75847100EDA2B5 /* AppDelegate.swift */; };
		95F091501C75847100EDA2B5 /* PlacesController.swift in Sources */ = {isa = PBXBuildFile; fileRef = 95F0914F1C75847100EDA2B5 /* PlacesController.swift */; };
		95F091531C75847100EDA2B5 /* Main.storyboard in Resources */ = {isa = PBXBuildFile; fileRef = 95F091511C75847100EDA2B5 /* Main.storyboard */; };
		95F091551C75847100EDA2B5 /* Assets.xcassets in Resources */ = {isa = PBXBuildFile; fileRef = 95F091541C75847100EDA2B5 /* Assets.xcassets */; };
		95F091581C75847100EDA2B5 /* LaunchScreen.storyboard in Resources */ = {isa = PBXBuildFile; fileRef = 95F091561C75847100EDA2B5 /* LaunchScreen.storyboard */; };
		95F091631C75847100EDA2B5 /* ShareMyRideTests.swift in Sources */ = {isa = PBXBuildFile; fileRef = 95F091621C75847100EDA2B5 /* ShareMyRideTests.swift */; };
		95F0916E1C75847100EDA2B5 /* ShareMyRideUITests.swift in Sources */ = {isa = PBXBuildFile; fileRef = 95F0916D1C75847100EDA2B5 /* ShareMyRideUITests.swift */; };
		B66BA0E0F28189F4731EA1AF /* libPods-ShareMyRide.a in Frameworks */ = {isa = PBXBuildFile; fileRef = B27FAD2C6D4F9E0A818639D3 /* libPods-ShareMyRide.a */; };
/* End PBXBuildFile section */

/* Begin PBXContainerItemProxy section */
		95F0915F1C75847100EDA2B5 /* PBXContainerItemProxy */ = {
			isa = PBXContainerItemProxy;
			containerPortal = 95F091421C75847100EDA2B5 /* Project object */;
			proxyType = 1;
			remoteGlobalIDString = 95F091491C75847100EDA2B5;
			remoteInfo = ShareMyRide;
		};
		95F0916A1C75847100EDA2B5 /* PBXContainerItemProxy */ = {
			isa = PBXContainerItemProxy;
			containerPortal = 95F091421C75847100EDA2B5 /* Project object */;
			proxyType = 1;
			remoteGlobalIDString = 95F091491C75847100EDA2B5;
			remoteInfo = ShareMyRide;
		};
/* End PBXContainerItemProxy section */

/* Begin PBXFileReference section */
		3B589657EF3281BA97727C4C /* Pods-ShareMyRide.debug.xcconfig */ = {isa = PBXFileReference; includeInIndex = 1; lastKnownFileType = text.xcconfig; name = "Pods-ShareMyRide.debug.xcconfig"; path = "Pods/Target Support Files/Pods-ShareMyRide/Pods-ShareMyRide.debug.xcconfig"; sourceTree = "<group>"; };
		777A2E176309FFBDE18C5648 /* Pods-ShareMyRide.release.xcconfig */ = {isa = PBXFileReference; includeInIndex = 1; lastKnownFileType = text.xcconfig; name = "Pods-ShareMyRide.release.xcconfig"; path = "Pods/Target Support Files/Pods-ShareMyRide/Pods-ShareMyRide.release.xcconfig"; sourceTree = "<group>"; };
		957B25731C7ECA15005555F3 /* RidesController.swift */ = {isa = PBXFileReference; fileEncoding = 4; lastKnownFileType = sourcecode.swift; path = RidesController.swift; sourceTree = "<group>"; };
		957B25751C7F90D7005555F3 /* RidesTableViewCell.swift */ = {isa = PBXFileReference; fileEncoding = 4; lastKnownFileType = sourcecode.swift; path = RidesTableViewCell.swift; sourceTree = "<group>"; };
		957B25771C80DB87005555F3 /* MessagesViewController.swift */ = {isa = PBXFileReference; fileEncoding = 4; lastKnownFileType = sourcecode.swift; path = MessagesViewController.swift; sourceTree = "<group>"; };
		957B25791C80DC18005555F3 /* ShareMyRide-Bridging-Header.h */ = {isa = PBXFileReference; lastKnownFileType = sourcecode.c.h; path = "ShareMyRide-Bridging-Header.h"; sourceTree = "<group>"; };
		958523A11C7A31B300D6F9C6 /* QuartzCore.framework */ = {isa = PBXFileReference; lastKnownFileType = wrapper.framework; name = QuartzCore.framework; path = System/Library/Frameworks/QuartzCore.framework; sourceTree = SDKROOT; };
		958523A31C7A332F00D6F9C6 /* PlacesCollectionCell.swift */ = {isa = PBXFileReference; fileEncoding = 4; lastKnownFileType = sourcecode.swift; path = PlacesCollectionCell.swift; sourceTree = "<group>"; };
		95DAF6B41C7829B00066C435 /* TopPlacesRepository.swift */ = {isa = PBXFileReference; fileEncoding = 4; lastKnownFileType = sourcecode.swift; path = TopPlacesRepository.swift; sourceTree = "<group>"; };
		95F0914A1C75847100EDA2B5 /* ShareMyRide.app */ = {isa = PBXFileReference; explicitFileType = wrapper.application; includeInIndex = 0; path = ShareMyRide.app; sourceTree = BUILT_PRODUCTS_DIR; };
		95F0914D1C75847100EDA2B5 /* AppDelegate.swift */ = {isa = PBXFileReference; lastKnownFileType = sourcecode.swift; path = AppDelegate.swift; sourceTree = "<group>"; };
		95F0914F1C75847100EDA2B5 /* PlacesController.swift */ = {isa = PBXFileReference; lastKnownFileType = sourcecode.swift; path = PlacesController.swift; sourceTree = "<group>"; };
		95F091521C75847100EDA2B5 /* Base */ = {isa = PBXFileReference; lastKnownFileType = file.storyboard; name = Base; path = Base.lproj/Main.storyboard; sourceTree = "<group>"; };
		95F091541C75847100EDA2B5 /* Assets.xcassets */ = {isa = PBXFileReference; lastKnownFileType = folder.assetcatalog; path = Assets.xcassets; sourceTree = "<group>"; };
		95F091571C75847100EDA2B5 /* Base */ = {isa = PBXFileReference; lastKnownFileType = file.storyboard; name = Base; path = Base.lproj/LaunchScreen.storyboard; sourceTree = "<group>"; };
		95F091591C75847100EDA2B5 /* Info.plist */ = {isa = PBXFileReference; lastKnownFileType = text.plist.xml; path = Info.plist; sourceTree = "<group>"; };
		95F0915E1C75847100EDA2B5 /* ShareMyRideTests.xctest */ = {isa = PBXFileReference; explicitFileType = wrapper.cfbundle; includeInIndex = 0; path = ShareMyRideTests.xctest; sourceTree = BUILT_PRODUCTS_DIR; };
		95F091621C75847100EDA2B5 /* ShareMyRideTests.swift */ = {isa = PBXFileReference; lastKnownFileType = sourcecode.swift; path = ShareMyRideTests.swift; sourceTree = "<group>"; };
		95F091641C75847100EDA2B5 /* Info.plist */ = {isa = PBXFileReference; lastKnownFileType = text.plist.xml; path = Info.plist; sourceTree = "<group>"; };
		95F091691C75847100EDA2B5 /* ShareMyRideUITests.xctest */ = {isa = PBXFileReference; explicitFileType = wrapper.cfbundle; includeInIndex = 0; path = ShareMyRideUITests.xctest; sourceTree = BUILT_PRODUCTS_DIR; };
		95F0916D1C75847100EDA2B5 /* ShareMyRideUITests.swift */ = {isa = PBXFileReference; lastKnownFileType = sourcecode.swift; path = ShareMyRideUITests.swift; sourceTree = "<group>"; };
		95F0916F1C75847100EDA2B5 /* Info.plist */ = {isa = PBXFileReference; lastKnownFileType = text.plist.xml; path = Info.plist; sourceTree = "<group>"; };
		B27FAD2C6D4F9E0A818639D3 /* libPods-ShareMyRide.a */ = {isa = PBXFileReference; explicitFileType = archive.ar; includeInIndex = 0; path = "libPods-ShareMyRide.a"; sourceTree = BUILT_PRODUCTS_DIR; };
/* End PBXFileReference section */

/* Begin PBXFrameworksBuildPhase section */
		95F091471C75847100EDA2B5 /* Frameworks */ = {
			isa = PBXFrameworksBuildPhase;
			buildActionMask = 2147483647;
			files = (
				958523A21C7A31B300D6F9C6 /* QuartzCore.framework in Frameworks */,
				B66BA0E0F28189F4731EA1AF /* libPods-ShareMyRide.a in Frameworks */,
			);
			runOnlyForDeploymentPostprocessing = 0;
		};
		95F0915B1C75847100EDA2B5 /* Frameworks */ = {
			isa = PBXFrameworksBuildPhase;
			buildActionMask = 2147483647;
			files = (
			);
			runOnlyForDeploymentPostprocessing = 0;
		};
		95F091661C75847100EDA2B5 /* Frameworks */ = {
			isa = PBXFrameworksBuildPhase;
			buildActionMask = 2147483647;
			files = (
			);
			runOnlyForDeploymentPostprocessing = 0;
		};
/* End PBXFrameworksBuildPhase section */

/* Begin PBXGroup section */
		08CF10C725EE49E6FF6DAEA9 /* Frameworks */ = {
			isa = PBXGroup;
			children = (
				B27FAD2C6D4F9E0A818639D3 /* libPods-ShareMyRide.a */,
			);
			name = Frameworks;
			sourceTree = "<group>";
		};
		24D541D0D7F3D9B5764B2446 /* Pods */ = {
			isa = PBXGroup;
			children = (
				3B589657EF3281BA97727C4C /* Pods-ShareMyRide.debug.xcconfig */,
				777A2E176309FFBDE18C5648 /* Pods-ShareMyRide.release.xcconfig */,
			);
			name = Pods;
			sourceTree = "<group>";
		};
		95DAF6AD1C78287F0066C435 /* Controllers */ = {
			isa = PBXGroup;
			children = (
				95F0914F1C75847100EDA2B5 /* PlacesController.swift */,
				958523A31C7A332F00D6F9C6 /* PlacesCollectionCell.swift */,
				957B25731C7ECA15005555F3 /* RidesController.swift */,
				957B25751C7F90D7005555F3 /* RidesTableViewCell.swift */,
				957B25771C80DB87005555F3 /* MessagesViewController.swift */,
			);
			name = Controllers;
			sourceTree = "<group>";
		};
		95DAF6AE1C7828960066C435 /* Services */ = {
			isa = PBXGroup;
			children = (
			);
			name = Services;
			sourceTree = "<group>";
		};
		95DAF6AF1C7828A80066C435 /* Views */ = {
			isa = PBXGroup;
			children = (
				95F091561C75847100EDA2B5 /* LaunchScreen.storyboard */,
				95F091511C75847100EDA2B5 /* Main.storyboard */,
			);
			name = Views;
			sourceTree = "<group>";
		};
		95DAF6B01C7828BD0066C435 /* Application */ = {
			isa = PBXGroup;
			children = (
				95F091591C75847100EDA2B5 /* Info.plist */,
				95F0914D1C75847100EDA2B5 /* AppDelegate.swift */,
				95F091541C75847100EDA2B5 /* Assets.xcassets */,
				957B25791C80DC18005555F3 /* ShareMyRide-Bridging-Header.h */,
			);
			name = Application;
			sourceTree = "<group>";
		};
		95DAF6B11C7828E90066C435 /* Models */ = {
			isa = PBXGroup;
			children = (
				95DAF6B41C7829B00066C435 /* TopPlacesRepository.swift */,
			);
			name = Models;
			sourceTree = "<group>";
		};
		95F091411C75847100EDA2B5 = {
			isa = PBXGroup;
			children = (
				958523A11C7A31B300D6F9C6 /* QuartzCore.framework */,
				95F0914C1C75847100EDA2B5 /* ShareMyRide */,
				95F091611C75847100EDA2B5 /* ShareMyRideTests */,
				95F0916C1C75847100EDA2B5 /* ShareMyRideUITests */,
				95F0914B1C75847100EDA2B5 /* Products */,
				24D541D0D7F3D9B5764B2446 /* Pods */,
				08CF10C725EE49E6FF6DAEA9 /* Frameworks */,
			);
			sourceTree = "<group>";
		};
		95F0914B1C75847100EDA2B5 /* Products */ = {
			isa = PBXGroup;
			children = (
				95F0914A1C75847100EDA2B5 /* ShareMyRide.app */,
				95F0915E1C75847100EDA2B5 /* ShareMyRideTests.xctest */,
				95F091691C75847100EDA2B5 /* ShareMyRideUITests.xctest */,
			);
			name = Products;
			sourceTree = "<group>";
		};
		95F0914C1C75847100EDA2B5 /* ShareMyRide */ = {
			isa = PBXGroup;
			children = (
				95DAF6B11C7828E90066C435 /* Models */,
				95DAF6B01C7828BD0066C435 /* Application */,
				95DAF6AF1C7828A80066C435 /* Views */,
				95DAF6AE1C7828960066C435 /* Services */,
				95DAF6AD1C78287F0066C435 /* Controllers */,
			);
			path = ShareMyRide;
			sourceTree = "<group>";
		};
		95F091611C75847100EDA2B5 /* ShareMyRideTests */ = {
			isa = PBXGroup;
			children = (
				95F091621C75847100EDA2B5 /* ShareMyRideTests.swift */,
				95F091641C75847100EDA2B5 /* Info.plist */,
			);
			path = ShareMyRideTests;
			sourceTree = "<group>";
		};
		95F0916C1C75847100EDA2B5 /* ShareMyRideUITests */ = {
			isa = PBXGroup;
			children = (
				95F0916D1C75847100EDA2B5 /* ShareMyRideUITests.swift */,
				95F0916F1C75847100EDA2B5 /* Info.plist */,
			);
			path = ShareMyRideUITests;
			sourceTree = "<group>";
		};
/* End PBXGroup section */

/* Begin PBXNativeTarget section */
		95F091491C75847100EDA2B5 /* ShareMyRide */ = {
			isa = PBXNativeTarget;
			buildConfigurationList = 95F091721C75847100EDA2B5 /* Build configuration list for PBXNativeTarget "ShareMyRide" */;
			buildPhases = (
				B4BCF99D79F9F7DF342DED5C /* Check Pods Manifest.lock */,
				95F091461C75847100EDA2B5 /* Sources */,
				95F091471C75847100EDA2B5 /* Frameworks */,
				95F091481C75847100EDA2B5 /* Resources */,
				928F313CFD216A4D371BDF7B /* Copy Pods Resources */,
			);
			buildRules = (
			);
			dependencies = (
			);
			name = ShareMyRide;
			productName = ShareMyRide;
			productReference = 95F0914A1C75847100EDA2B5 /* ShareMyRide.app */;
			productType = "com.apple.product-type.application";
		};
		95F0915D1C75847100EDA2B5 /* ShareMyRideTests */ = {
			isa = PBXNativeTarget;
			buildConfigurationList = 95F091751C75847100EDA2B5 /* Build configuration list for PBXNativeTarget "ShareMyRideTests" */;
			buildPhases = (
				95F0915A1C75847100EDA2B5 /* Sources */,
				95F0915B1C75847100EDA2B5 /* Frameworks */,
				95F0915C1C75847100EDA2B5 /* Resources */,
			);
			buildRules = (
			);
			dependencies = (
				95F091601C75847100EDA2B5 /* PBXTargetDependency */,
			);
			name = ShareMyRideTests;
			productName = ShareMyRideTests;
			productReference = 95F0915E1C75847100EDA2B5 /* ShareMyRideTests.xctest */;
			productType = "com.apple.product-type.bundle.unit-test";
		};
		95F091681C75847100EDA2B5 /* ShareMyRideUITests */ = {
			isa = PBXNativeTarget;
			buildConfigurationList = 95F091781C75847100EDA2B5 /* Build configuration list for PBXNativeTarget "ShareMyRideUITests" */;
			buildPhases = (
				95F091651C75847100EDA2B5 /* Sources */,
				95F091661C75847100EDA2B5 /* Frameworks */,
				95F091671C75847100EDA2B5 /* Resources */,
			);
			buildRules = (
			);
			dependencies = (
				95F0916B1C75847100EDA2B5 /* PBXTargetDependency */,
			);
			name = ShareMyRideUITests;
			productName = ShareMyRideUITests;
			productReference = 95F091691C75847100EDA2B5 /* ShareMyRideUITests.xctest */;
			productType = "com.apple.product-type.bundle.ui-testing";
		};
/* End PBXNativeTarget section */

/* Begin PBXProject section */
		95F091421C75847100EDA2B5 /* Project object */ = {
			isa = PBXProject;
			attributes = {
				LastSwiftUpdateCheck = 0710;
				LastUpgradeCheck = 0710;
				ORGANIZATIONNAME = "Dennis Adjei-Baah";
				TargetAttributes = {
					95F091491C75847100EDA2B5 = {
						CreatedOnToolsVersion = 7.1;
						DevelopmentTeam = LX979PV3AH;
					};
					95F0915D1C75847100EDA2B5 = {
						CreatedOnToolsVersion = 7.1;
						DevelopmentTeam = LX979PV3AH;
						TestTargetID = 95F091491C75847100EDA2B5;
					};
					95F091681C75847100EDA2B5 = {
						CreatedOnToolsVersion = 7.1;
						DevelopmentTeam = LX979PV3AH;
						TestTargetID = 95F091491C75847100EDA2B5;
					};
				};
			};
			buildConfigurationList = 95F091451C75847100EDA2B5 /* Build configuration list for PBXProject "ShareMyRide" */;
			compatibilityVersion = "Xcode 3.2";
			developmentRegion = English;
			hasScannedForEncodings = 0;
			knownRegions = (
				en,
				Base,
			);
			mainGroup = 95F091411C75847100EDA2B5;
			productRefGroup = 95F0914B1C75847100EDA2B5 /* Products */;
			projectDirPath = "";
			projectRoot = "";
			targets = (
				95F091491C75847100EDA2B5 /* ShareMyRide */,
				95F0915D1C75847100EDA2B5 /* ShareMyRideTests */,
				95F091681C75847100EDA2B5 /* ShareMyRideUITests */,
			);
		};
/* End PBXProject section */

/* Begin PBXResourcesBuildPhase section */
		95F091481C75847100EDA2B5 /* Resources */ = {
			isa = PBXResourcesBuildPhase;
			buildActionMask = 2147483647;
			files = (
				95F091581C75847100EDA2B5 /* LaunchScreen.storyboard in Resources */,
				95F091551C75847100EDA2B5 /* Assets.xcassets in Resources */,
				95F091531C75847100EDA2B5 /* Main.storyboard in Resources */,
			);
			runOnlyForDeploymentPostprocessing = 0;
		};
		95F0915C1C75847100EDA2B5 /* Resources */ = {
			isa = PBXResourcesBuildPhase;
			buildActionMask = 2147483647;
			files = (
			);
			runOnlyForDeploymentPostprocessing = 0;
		};
		95F091671C75847100EDA2B5 /* Resources */ = {
			isa = PBXResourcesBuildPhase;
			buildActionMask = 2147483647;
			files = (
			);
			runOnlyForDeploymentPostprocessing = 0;
		};
/* End PBXResourcesBuildPhase section */

/* Begin PBXShellScriptBuildPhase section */
		928F313CFD216A4D371BDF7B /* Copy Pods Resources */ = {
			isa = PBXShellScriptBuildPhase;
			buildActionMask = 2147483647;
			files = (
			);
			inputPaths = (
			);
			name = "Copy Pods Resources";
			outputPaths = (
			);
			runOnlyForDeploymentPostprocessing = 0;
			shellPath = /bin/sh;
			shellScript = "\"${SRCROOT}/Pods/Target Support Files/Pods-ShareMyRide/Pods-ShareMyRide-resources.sh\"\n";
			showEnvVarsInLog = 0;
		};
		B4BCF99D79F9F7DF342DED5C /* Check Pods Manifest.lock */ = {
			isa = PBXShellScriptBuildPhase;
			buildActionMask = 2147483647;
			files = (
			);
			inputPaths = (
			);
			name = "Check Pods Manifest.lock";
			outputPaths = (
			);
			runOnlyForDeploymentPostprocessing = 0;
			shellPath = /bin/sh;
			shellScript = "diff \"${PODS_ROOT}/../Podfile.lock\" \"${PODS_ROOT}/Manifest.lock\" > /dev/null\nif [[ $? != 0 ]] ; then\n    cat << EOM\nerror: The sandbox is not in sync with the Podfile.lock. Run 'pod install' or update your CocoaPods installation.\nEOM\n    exit 1\nfi\n";
			showEnvVarsInLog = 0;
		};
/* End PBXShellScriptBuildPhase section */

/* Begin PBXSourcesBuildPhase section */
		95F091461C75847100EDA2B5 /* Sources */ = {
			isa = PBXSourcesBuildPhase;
			buildActionMask = 2147483647;
			files = (
				95F091501C75847100EDA2B5 /* PlacesController.swift in Sources */,
				957B25781C80DB87005555F3 /* MessagesViewController.swift in Sources */,
				958523A41C7A332F00D6F9C6 /* PlacesCollectionCell.swift in Sources */,
				95F0914E1C75847100EDA2B5 /* AppDelegate.swift in Sources */,
				957B25741C7ECA15005555F3 /* RidesController.swift in Sources */,
				95DAF6B51C7829B00066C435 /* TopPlacesRepository.swift in Sources */,
				957B25761C7F90D7005555F3 /* RidesTableViewCell.swift in Sources */,
			);
			runOnlyForDeploymentPostprocessing = 0;
		};
		95F0915A1C75847100EDA2B5 /* Sources */ = {
			isa = PBXSourcesBuildPhase;
			buildActionMask = 2147483647;
			files = (
				95F091631C75847100EDA2B5 /* ShareMyRideTests.swift in Sources */,
				95DAF6B61C7829B00066C435 /* TopPlacesRepository.swift in Sources */,
			);
			runOnlyForDeploymentPostprocessing = 0;
		};
		95F091651C75847100EDA2B5 /* Sources */ = {
			isa = PBXSourcesBuildPhase;
			buildActionMask = 2147483647;
			files = (
				95F0916E1C75847100EDA2B5 /* ShareMyRideUITests.swift in Sources */,
			);
			runOnlyForDeploymentPostprocessing = 0;
		};
/* End PBXSourcesBuildPhase section */

/* Begin PBXTargetDependency section */
		95F091601C75847100EDA2B5 /* PBXTargetDependency */ = {
			isa = PBXTargetDependency;
			target = 95F091491C75847100EDA2B5 /* ShareMyRide */;
			targetProxy = 95F0915F1C75847100EDA2B5 /* PBXContainerItemProxy */;
		};
		95F0916B1C75847100EDA2B5 /* PBXTargetDependency */ = {
			isa = PBXTargetDependency;
			target = 95F091491C75847100EDA2B5 /* ShareMyRide */;
			targetProxy = 95F0916A1C75847100EDA2B5 /* PBXContainerItemProxy */;
		};
/* End PBXTargetDependency section */

/* Begin PBXVariantGroup section */
		95F091511C75847100EDA2B5 /* Main.storyboard */ = {
			isa = PBXVariantGroup;
			children = (
				95F091521C75847100EDA2B5 /* Base */,
			);
			name = Main.storyboard;
			sourceTree = "<group>";
		};
		95F091561C75847100EDA2B5 /* LaunchScreen.storyboard */ = {
			isa = PBXVariantGroup;
			children = (
				95F091571C75847100EDA2B5 /* Base */,
			);
			name = LaunchScreen.storyboard;
			sourceTree = "<group>";
		};
/* End PBXVariantGroup section */

/* Begin XCBuildConfiguration section */
		95F091701C75847100EDA2B5 /* Debug */ = {
			isa = XCBuildConfiguration;
			buildSettings = {
				ALWAYS_SEARCH_USER_PATHS = NO;
				CLANG_CXX_LANGUAGE_STANDARD = "gnu++0x";
				CLANG_CXX_LIBRARY = "libc++";
				CLANG_ENABLE_MODULES = YES;
				CLANG_ENABLE_OBJC_ARC = YES;
				CLANG_WARN_BOOL_CONVERSION = YES;
				CLANG_WARN_CONSTANT_CONVERSION = YES;
				CLANG_WARN_DIRECT_OBJC_ISA_USAGE = YES_ERROR;
				CLANG_WARN_EMPTY_BODY = YES;
				CLANG_WARN_ENUM_CONVERSION = YES;
				CLANG_WARN_INT_CONVERSION = YES;
				CLANG_WARN_OBJC_ROOT_CLASS = YES_ERROR;
				CLANG_WARN_UNREACHABLE_CODE = YES;
				CLANG_WARN__DUPLICATE_METHOD_MATCH = YES;
				"CODE_SIGN_IDENTITY[sdk=iphoneos*]" = "iPhone Developer";
				COPY_PHASE_STRIP = NO;
				DEBUG_INFORMATION_FORMAT = dwarf;
				ENABLE_STRICT_OBJC_MSGSEND = YES;
				ENABLE_TESTABILITY = YES;
				GCC_C_LANGUAGE_STANDARD = gnu99;
				GCC_DYNAMIC_NO_PIC = NO;
				GCC_NO_COMMON_BLOCKS = YES;
				GCC_OPTIMIZATION_LEVEL = 0;
				GCC_PREPROCESSOR_DEFINITIONS = (
					"DEBUG=1",
					"$(inherited)",
				);
				GCC_WARN_64_TO_32_BIT_CONVERSION = YES;
				GCC_WARN_ABOUT_RETURN_TYPE = YES_ERROR;
				GCC_WARN_UNDECLARED_SELECTOR = YES;
				GCC_WARN_UNINITIALIZED_AUTOS = YES_AGGRESSIVE;
				GCC_WARN_UNUSED_FUNCTION = YES;
				GCC_WARN_UNUSED_VARIABLE = YES;
				IPHONEOS_DEPLOYMENT_TARGET = 8.0;
				MTL_ENABLE_DEBUG_INFO = YES;
				ONLY_ACTIVE_ARCH = YES;
				SDKROOT = iphoneos;
				SWIFT_OBJC_BRIDGING_HEADER = "ShareMyRide/ShareMyRide-Bridging-Header.h";
				SWIFT_OPTIMIZATION_LEVEL = "-Onone";
				TARGETED_DEVICE_FAMILY = "1,2";
			};
			name = Debug;
		};
		95F091711C75847100EDA2B5 /* Release */ = {
			isa = XCBuildConfiguration;
			buildSettings = {
				ALWAYS_SEARCH_USER_PATHS = NO;
				CLANG_CXX_LANGUAGE_STANDARD = "gnu++0x";
				CLANG_CXX_LIBRARY = "libc++";
				CLANG_ENABLE_MODULES = YES;
				CLANG_ENABLE_OBJC_ARC = YES;
				CLANG_WARN_BOOL_CONVERSION = YES;
				CLANG_WARN_CONSTANT_CONVERSION = YES;
				CLANG_WARN_DIRECT_OBJC_ISA_USAGE = YES_ERROR;
				CLANG_WARN_EMPTY_BODY = YES;
				CLANG_WARN_ENUM_CONVERSION = YES;
				CLANG_WARN_INT_CONVERSION = YES;
				CLANG_WARN_OBJC_ROOT_CLASS = YES_ERROR;
				CLANG_WARN_UNREACHABLE_CODE = YES;
				CLANG_WARN__DUPLICATE_METHOD_MATCH = YES;
				"CODE_SIGN_IDENTITY[sdk=iphoneos*]" = "iPhone Developer";
				COPY_PHASE_STRIP = NO;
				DEBUG_INFORMATION_FORMAT = "dwarf-with-dsym";
				ENABLE_NS_ASSERTIONS = NO;
				ENABLE_STRICT_OBJC_MSGSEND = YES;
				GCC_C_LANGUAGE_STANDARD = gnu99;
				GCC_NO_COMMON_BLOCKS = YES;
				GCC_WARN_64_TO_32_BIT_CONVERSION = YES;
				GCC_WARN_ABOUT_RETURN_TYPE = YES_ERROR;
				GCC_WARN_UNDECLARED_SELECTOR = YES;
				GCC_WARN_UNINITIALIZED_AUTOS = YES_AGGRESSIVE;
				GCC_WARN_UNUSED_FUNCTION = YES;
				GCC_WARN_UNUSED_VARIABLE = YES;
				IPHONEOS_DEPLOYMENT_TARGET = 8.0;
				MTL_ENABLE_DEBUG_INFO = NO;
				SDKROOT = iphoneos;
				SWIFT_OBJC_BRIDGING_HEADER = "ShareMyRide/ShareMyRide-Bridging-Header.h";
				TARGETED_DEVICE_FAMILY = "1,2";
				VALIDATE_PRODUCT = YES;
			};
			name = Release;
		};
		95F091731C75847100EDA2B5 /* Debug */ = {
			isa = XCBuildConfiguration;
			baseConfigurationReference = 3B589657EF3281BA97727C4C /* Pods-ShareMyRide.debug.xcconfig */;
			buildSettings = {
				ASSETCATALOG_COMPILER_APPICON_NAME = AppIcon;
				INFOPLIST_FILE = ShareMyRide/Info.plist;
				IPHONEOS_DEPLOYMENT_TARGET = 8.0;
				LD_RUNPATH_SEARCH_PATHS = "$(inherited) @executable_path/Frameworks";
				PRODUCT_BUNDLE_IDENTIFIER = com.onecreation.apps.mobile.ShareMyRide;
				PRODUCT_NAME = "$(TARGET_NAME)";
			};
			name = Debug;
		};
		95F091741C75847100EDA2B5 /* Release */ = {
			isa = XCBuildConfiguration;
			baseConfigurationReference = 777A2E176309FFBDE18C5648 /* Pods-ShareMyRide.release.xcconfig */;
			buildSettings = {
				ASSETCATALOG_COMPILER_APPICON_NAME = AppIcon;
				INFOPLIST_FILE = ShareMyRide/Info.plist;
				IPHONEOS_DEPLOYMENT_TARGET = 8.0;
				LD_RUNPATH_SEARCH_PATHS = "$(inherited) @executable_path/Frameworks";
				PRODUCT_BUNDLE_IDENTIFIER = com.onecreation.apps.mobile.ShareMyRide;
				PRODUCT_NAME = "$(TARGET_NAME)";
			};
			name = Release;
		};
		95F091761C75847100EDA2B5 /* Debug */ = {
			isa = XCBuildConfiguration;
			buildSettings = {
				BUNDLE_LOADER = "$(TEST_HOST)";
				INFOPLIST_FILE = ShareMyRideTests/Info.plist;
				LD_RUNPATH_SEARCH_PATHS = "$(inherited) @executable_path/Frameworks @loader_path/Frameworks";
				PRODUCT_BUNDLE_IDENTIFIER = com.onecreation.apps.mobile.ShareMyRideTests;
				PRODUCT_NAME = "$(TARGET_NAME)";
				TEST_HOST = "$(BUILT_PRODUCTS_DIR)/ShareMyRide.app/ShareMyRide";
			};
			name = Debug;
		};
		95F091771C75847100EDA2B5 /* Release */ = {
			isa = XCBuildConfiguration;
			buildSettings = {
				BUNDLE_LOADER = "$(TEST_HOST)";
				INFOPLIST_FILE = ShareMyRideTests/Info.plist;
				LD_RUNPATH_SEARCH_PATHS = "$(inherited) @executable_path/Frameworks @loader_path/Frameworks";
				PRODUCT_BUNDLE_IDENTIFIER = com.onecreation.apps.mobile.ShareMyRideTests;
				PRODUCT_NAME = "$(TARGET_NAME)";
				TEST_HOST = "$(BUILT_PRODUCTS_DIR)/ShareMyRide.app/ShareMyRide";
			};
			name = Release;
		};
		95F091791C75847100EDA2B5 /* Debug */ = {
			isa = XCBuildConfiguration;
			buildSettings = {
				INFOPLIST_FILE = ShareMyRideUITests/Info.plist;
				LD_RUNPATH_SEARCH_PATHS = "$(inherited) @executable_path/Frameworks @loader_path/Frameworks";
				PRODUCT_BUNDLE_IDENTIFIER = com.onecreation.apps.mobile.ShareMyRideUITests;
				PRODUCT_NAME = "$(TARGET_NAME)";
				TEST_TARGET_NAME = ShareMyRide;
				USES_XCTRUNNER = YES;
			};
			name = Debug;
		};
		95F0917A1C75847100EDA2B5 /* Release */ = {
			isa = XCBuildConfiguration;
			buildSettings = {
				INFOPLIST_FILE = ShareMyRideUITests/Info.plist;
				LD_RUNPATH_SEARCH_PATHS = "$(inherited) @executable_path/Frameworks @loader_path/Frameworks";
				PRODUCT_BUNDLE_IDENTIFIER = com.onecreation.apps.mobile.ShareMyRideUITests;
				PRODUCT_NAME = "$(TARGET_NAME)";
				TEST_TARGET_NAME = ShareMyRide;
				USES_XCTRUNNER = YES;
			};
			name = Release;
		};
/* End XCBuildConfiguration section */

/* Begin XCConfigurationList section */
		95F091451C75847100EDA2B5 /* Build configuration list for PBXProject "ShareMyRide" */ = {
			isa = XCConfigurationList;
			buildConfigurations = (
				95F091701C75847100EDA2B5 /* Debug */,
				95F091711C75847100EDA2B5 /* Release */,
			);
			defaultConfigurationIsVisible = 0;
			defaultConfigurationName = Release;
		};
		95F091721C75847100EDA2B5 /* Build configuration list for PBXNativeTarget "ShareMyRide" */ = {
			isa = XCConfigurationList;
			buildConfigurations = (
				95F091731C75847100EDA2B5 /* Debug */,
				95F091741C75847100EDA2B5 /* Release */,
			);
			defaultConfigurationIsVisible = 0;
			defaultConfigurationName = Release;
		};
		95F091751C75847100EDA2B5 /* Build configuration list for PBXNativeTarget "ShareMyRideTests" */ = {
			isa = XCConfigurationList;
			buildConfigurations = (
				95F091761C75847100EDA2B5 /* Debug */,
				95F091771C75847100EDA2B5 /* Release */,
			);
			defaultConfigurationIsVisible = 0;
			defaultConfigurationName = Release;
		};
		95F091781C75847100EDA2B5 /* Build configuration list for PBXNativeTarget "ShareMyRideUITests" */ = {
			isa = XCConfigurationList;
			buildConfigurations = (
				95F091791C75847100EDA2B5 /* Debug */,
				95F0917A1C75847100EDA2B5 /* Release */,
			);
			defaultConfigurationIsVisible = 0;
			defaultConfigurationName = Release;
		};
/* End XCConfigurationList section */
	};
	rootObject = 95F091421C75847100EDA2B5 /* Project object */;
}
