// !$*UTF8*$!
{
	archiveVersion = 1;
	classes = {
	};
	objectVersion = 46;
	objects = {

/* Begin PBXBuildFile section */
		2541792A1E82328FC463F0AF /* Pods_ShareMyRideTests.framework in Frameworks */ = {isa = PBXBuildFile; fileRef = 4DA6925BEF4D309E0D8CBC25 /* Pods_ShareMyRideTests.framework */; };
		9511AB2F1CCA676E00FE993E /* Ride.swift in Sources */ = {isa = PBXBuildFile; fileRef = 9511AB2E1CCA676E00FE993E /* Ride.swift */; };
		9514133B1D349BF800679922 /* DestinationSearchController.swift in Sources */ = {isa = PBXBuildFile; fileRef = 9514133A1D349BF800679922 /* DestinationSearchController.swift */; };
		952F89C21CFE8D0300DFDC4D /* MainTabBarController.swift in Sources */ = {isa = PBXBuildFile; fileRef = 952F89C11CFE8D0300DFDC4D /* MainTabBarController.swift */; };
		95315FD71CCC93D900D8C08F /* ISONSDateConverter.swift in Sources */ = {isa = PBXBuildFile; fileRef = 95315FD61CCC93D900D8C08F /* ISONSDateConverter.swift */; };
		9535CE851CCEAEFE00A0BB83 /* PostRideController.swift in Sources */ = {isa = PBXBuildFile; fileRef = 9535CE841CCEAEFE00A0BB83 /* PostRideController.swift */; };
		953A3E571D28319900FF82F2 /* TimeViewService.swift in Sources */ = {isa = PBXBuildFile; fileRef = 953A3E561D28319900FF82F2 /* TimeViewService.swift */; };
		953D0FE71D5ACC6B00ADBFC4 /* Loader.storyboard in Resources */ = {isa = PBXBuildFile; fileRef = 953D0FE61D5ACC6B00ADBFC4 /* Loader.storyboard */; };
		954B74A41CC3030000F02DCF /* Users.swift in Sources */ = {isa = PBXBuildFile; fileRef = 954B74A31CC3030000F02DCF /* Users.swift */; };
		9565F1381D3758B600695EED /* MKDestination.swift in Sources */ = {isa = PBXBuildFile; fileRef = 9565F1371D3758B600695EED /* MKDestination.swift */; };
		957B25741C7ECA15005555F3 /* RidesController.swift in Sources */ = {isa = PBXBuildFile; fileRef = 957B25731C7ECA15005555F3 /* RidesController.swift */; };
		957B25761C7F90D7005555F3 /* RidesTableViewCell.swift in Sources */ = {isa = PBXBuildFile; fileRef = 957B25751C7F90D7005555F3 /* RidesTableViewCell.swift */; };
		957B25781C80DB87005555F3 /* RidesConversationController.swift in Sources */ = {isa = PBXBuildFile; fileRef = 957B25771C80DB87005555F3 /* RidesConversationController.swift */; };
		957C419B1D34754F00B93694 /* DestinationResultsController.swift in Sources */ = {isa = PBXBuildFile; fileRef = 957C419A1D34754F00B93694 /* DestinationResultsController.swift */; };
		9581B0C21D092132000DAE3D /* DataController.swift in Sources */ = {isa = PBXBuildFile; fileRef = 9581B0C11D092132000DAE3D /* DataController.swift */; };
		958912C21D08953400E6383F /* CoreData.framework in Frameworks */ = {isa = PBXBuildFile; fileRef = 958912C11D08953400E6383F /* CoreData.framework */; };
		958912C51D08955900E6383F /* RideAlong.xcdatamodeld in Sources */ = {isa = PBXBuildFile; fileRef = 958912C31D08955900E6383F /* RideAlong.xcdatamodeld */; };
		958AE8321CF35F7E00D1F48D /* FBSDKCoreKit.framework in Frameworks */ = {isa = PBXBuildFile; fileRef = 958AE8311CF35F7E00D1F48D /* FBSDKCoreKit.framework */; };
		958AE8341CF362BF00D1F48D /* FBSDKLoginKit.framework in Frameworks */ = {isa = PBXBuildFile; fileRef = 958AE8331CF362BF00D1F48D /* FBSDKLoginKit.framework */; };
		958AE8361CF362CE00D1F48D /* Bolts.framework in Frameworks */ = {isa = PBXBuildFile; fileRef = 958AE8351CF362CE00D1F48D /* Bolts.framework */; };
		958AE8381CF3664D00D1F48D /* LoginViewController.swift in Sources */ = {isa = PBXBuildFile; fileRef = 958AE8371CF3664D00D1F48D /* LoginViewController.swift */; };
		958F78A71CF3F8BA00207C47 /* Communities.swift in Sources */ = {isa = PBXBuildFile; fileRef = 958F78A61CF3F8BA00207C47 /* Communities.swift */; };
		958F78A91CF4ACC800207C47 /* RestDecodable.swift in Sources */ = {isa = PBXBuildFile; fileRef = 958F78A81CF4ACC800207C47 /* RestDecodable.swift */; };
		9596249F1C878FE1007878F6 /* RidesMessagesController.swift in Sources */ = {isa = PBXBuildFile; fileRef = 9596249E1C878FE1007878F6 /* RidesMessagesController.swift */; };
		959D00781D69201C00D05D57 /* Router.swift in Sources */ = {isa = PBXBuildFile; fileRef = 959D00771D69201C00D05D57 /* Router.swift */; };
		959D007A1D69641400D05D57 /* Constants.swift in Sources */ = {isa = PBXBuildFile; fileRef = 959D00791D69641400D05D57 /* Constants.swift */; };
		959D7BFB1CE291CC005B0AD8 /* RideDetailController.swift in Sources */ = {isa = PBXBuildFile; fileRef = 959D7BFA1CE291CC005B0AD8 /* RideDetailController.swift */; };
		95AD0AA01CD2842F00BC304F /* RideTests.swift in Sources */ = {isa = PBXBuildFile; fileRef = 95AD0A9F1CD2842F00BC304F /* RideTests.swift */; };
		95C7B39A1CD2A19B00C7B96C /* MockURLProtocol.swift in Sources */ = {isa = PBXBuildFile; fileRef = 95C7B3991CD2A19B00C7B96C /* MockURLProtocol.swift */; };
		95D122ED1CD3D8A100ECDFD6 /* RideTableError.xib in Resources */ = {isa = PBXBuildFile; fileRef = 95D122EC1CD3D8A100ECDFD6 /* RideTableError.xib */; };
		95EB342E1D0281B200B98AFA /* Login.storyboard in Resources */ = {isa = PBXBuildFile; fileRef = 95EB342D1D0281B200B98AFA /* Login.storyboard */; };
		95EB34301D03043C00B98AFA /* UIViewControllerExtensions.swift in Sources */ = {isa = PBXBuildFile; fileRef = 95EB342F1D03043C00B98AFA /* UIViewControllerExtensions.swift */; };
		95F0914E1C75847100EDA2B5 /* AppDelegate.swift in Sources */ = {isa = PBXBuildFile; fileRef = 95F0914D1C75847100EDA2B5 /* AppDelegate.swift */; };
		95F091531C75847100EDA2B5 /* Main.storyboard in Resources */ = {isa = PBXBuildFile; fileRef = 95F091511C75847100EDA2B5 /* Main.storyboard */; };
		95F091551C75847100EDA2B5 /* Assets.xcassets in Resources */ = {isa = PBXBuildFile; fileRef = 95F091541C75847100EDA2B5 /* Assets.xcassets */; };
		95F091581C75847100EDA2B5 /* LaunchScreen.storyboard in Resources */ = {isa = PBXBuildFile; fileRef = 95F091561C75847100EDA2B5 /* LaunchScreen.storyboard */; };
		95F091631C75847100EDA2B5 /* ShareMyRideTests.swift in Sources */ = {isa = PBXBuildFile; fileRef = 95F091621C75847100EDA2B5 /* ShareMyRideTests.swift */; };
		95F0916E1C75847100EDA2B5 /* ShareMyRideUITests.swift in Sources */ = {isa = PBXBuildFile; fileRef = 95F0916D1C75847100EDA2B5 /* ShareMyRideUITests.swift */; };
		95FB87171D455C0A002E9E3B /* SignupViewController.swift in Sources */ = {isa = PBXBuildFile; fileRef = 95FB87161D455C0A002E9E3B /* SignupViewController.swift */; };
		9BC19BC6305C13B9DC371DC7 /* Pods_ShareMyRide.framework in Frameworks */ = {isa = PBXBuildFile; fileRef = 6E28EC6072DBFE9FCC1E2C67 /* Pods_ShareMyRide.framework */; };
/* End PBXBuildFile section */

/* Begin PBXContainerItemProxy section */
		95F0915F1C75847100EDA2B5 /* PBXContainerItemProxy */ = {
			isa = PBXContainerItemProxy;
			containerPortal = 95F091421C75847100EDA2B5 /* Project object */;
			proxyType = 1;
			remoteGlobalIDString = 95F091491C75847100EDA2B5;
			remoteInfo = ShareMyRide;
		};
		95F0916A1C75847100EDA2B5 /* PBXContainerItemProxy */ = {
			isa = PBXContainerItemProxy;
			containerPortal = 95F091421C75847100EDA2B5 /* Project object */;
			proxyType = 1;
			remoteGlobalIDString = 95F091491C75847100EDA2B5;
			remoteInfo = ShareMyRide;
		};
/* End PBXContainerItemProxy section */

/* Begin PBXFileReference section */
		038BCAB58D4A4DE82590157A /* Pods-ShareMyRideTests.release.xcconfig */ = {isa = PBXFileReference; includeInIndex = 1; lastKnownFileType = text.xcconfig; name = "Pods-ShareMyRideTests.release.xcconfig"; path = "Pods/Target Support Files/Pods-ShareMyRideTests/Pods-ShareMyRideTests.release.xcconfig"; sourceTree = "<group>"; };
		3B589657EF3281BA97727C4C /* Pods-ShareMyRide.debug.xcconfig */ = {isa = PBXFileReference; includeInIndex = 1; lastKnownFileType = text.xcconfig; name = "Pods-ShareMyRide.debug.xcconfig"; path = "Pods/Target Support Files/Pods-ShareMyRide/Pods-ShareMyRide.debug.xcconfig"; sourceTree = "<group>"; };
		4DA6925BEF4D309E0D8CBC25 /* Pods_ShareMyRideTests.framework */ = {isa = PBXFileReference; explicitFileType = wrapper.framework; includeInIndex = 0; path = Pods_ShareMyRideTests.framework; sourceTree = BUILT_PRODUCTS_DIR; };
		6E28EC6072DBFE9FCC1E2C67 /* Pods_ShareMyRide.framework */ = {isa = PBXFileReference; explicitFileType = wrapper.framework; includeInIndex = 0; path = Pods_ShareMyRide.framework; sourceTree = BUILT_PRODUCTS_DIR; };
		777A2E176309FFBDE18C5648 /* Pods-ShareMyRide.release.xcconfig */ = {isa = PBXFileReference; includeInIndex = 1; lastKnownFileType = text.xcconfig; name = "Pods-ShareMyRide.release.xcconfig"; path = "Pods/Target Support Files/Pods-ShareMyRide/Pods-ShareMyRide.release.xcconfig"; sourceTree = "<group>"; };
		9511AB2E1CCA676E00FE993E /* Ride.swift */ = {isa = PBXFileReference; fileEncoding = 4; lastKnownFileType = sourcecode.swift; path = Ride.swift; sourceTree = "<group>"; };
		9514133A1D349BF800679922 /* DestinationSearchController.swift */ = {isa = PBXFileReference; fileEncoding = 4; lastKnownFileType = sourcecode.swift; path = DestinationSearchController.swift; sourceTree = "<group>"; };
		952F89C11CFE8D0300DFDC4D /* MainTabBarController.swift */ = {isa = PBXFileReference; fileEncoding = 4; lastKnownFileType = sourcecode.swift; path = MainTabBarController.swift; sourceTree = "<group>"; };
		95315FD61CCC93D900D8C08F /* ISONSDateConverter.swift */ = {isa = PBXFileReference; fileEncoding = 4; lastKnownFileType = sourcecode.swift; path = ISONSDateConverter.swift; sourceTree = "<group>"; };
		9535CE841CCEAEFE00A0BB83 /* PostRideController.swift */ = {isa = PBXFileReference; fileEncoding = 4; lastKnownFileType = sourcecode.swift; path = PostRideController.swift; sourceTree = "<group>"; };
		953A3E561D28319900FF82F2 /* TimeViewService.swift */ = {isa = PBXFileReference; fileEncoding = 4; lastKnownFileType = sourcecode.swift; path = TimeViewService.swift; sourceTree = "<group>"; };
		953D0FE61D5ACC6B00ADBFC4 /* Loader.storyboard */ = {isa = PBXFileReference; fileEncoding = 4; lastKnownFileType = file.storyboard; path = Loader.storyboard; sourceTree = "<group>"; };
		954B74A31CC3030000F02DCF /* Users.swift */ = {isa = PBXFileReference; fileEncoding = 4; lastKnownFileType = sourcecode.swift; path = Users.swift; sourceTree = "<group>"; };
		9565F1371D3758B600695EED /* MKDestination.swift */ = {isa = PBXFileReference; fileEncoding = 4; lastKnownFileType = sourcecode.swift; path = MKDestination.swift; sourceTree = "<group>"; };
		957B25731C7ECA15005555F3 /* RidesController.swift */ = {isa = PBXFileReference; fileEncoding = 4; lastKnownFileType = sourcecode.swift; path = RidesController.swift; sourceTree = "<group>"; };
		957B25751C7F90D7005555F3 /* RidesTableViewCell.swift */ = {isa = PBXFileReference; fileEncoding = 4; lastKnownFileType = sourcecode.swift; path = RidesTableViewCell.swift; sourceTree = "<group>"; };
		957B25771C80DB87005555F3 /* RidesConversationController.swift */ = {isa = PBXFileReference; fileEncoding = 4; lastKnownFileType = sourcecode.swift; path = RidesConversationController.swift; sourceTree = "<group>"; };
		957B25791C80DC18005555F3 /* ShareMyRide-Bridging-Header.h */ = {isa = PBXFileReference; lastKnownFileType = sourcecode.c.h; path = "ShareMyRide-Bridging-Header.h"; sourceTree = "<group>"; };
		957C419A1D34754F00B93694 /* DestinationResultsController.swift */ = {isa = PBXFileReference; fileEncoding = 4; lastKnownFileType = sourcecode.swift; path = DestinationResultsController.swift; sourceTree = "<group>"; };
		9581B0C11D092132000DAE3D /* DataController.swift */ = {isa = PBXFileReference; fileEncoding = 4; lastKnownFileType = sourcecode.swift; path = DataController.swift; sourceTree = "<group>"; };
		958523A11C7A31B300D6F9C6 /* QuartzCore.framework */ = {isa = PBXFileReference; lastKnownFileType = wrapper.framework; name = QuartzCore.framework; path = System/Library/Frameworks/QuartzCore.framework; sourceTree = SDKROOT; };
		958912C11D08953400E6383F /* CoreData.framework */ = {isa = PBXFileReference; lastKnownFileType = wrapper.framework; name = CoreData.framework; path = System/Library/Frameworks/CoreData.framework; sourceTree = SDKROOT; };
		958912C41D08955900E6383F /* RideAlong.xcdatamodel */ = {isa = PBXFileReference; lastKnownFileType = wrapper.xcdatamodel; path = RideAlong.xcdatamodel; sourceTree = "<group>"; };
		958AE8311CF35F7E00D1F48D /* FBSDKCoreKit.framework */ = {isa = PBXFileReference; lastKnownFileType = wrapper.framework; name = FBSDKCoreKit.framework; path = FacebookSDKs/FBSDKCoreKit.framework; sourceTree = "<group>"; };
		958AE8331CF362BF00D1F48D /* FBSDKLoginKit.framework */ = {isa = PBXFileReference; lastKnownFileType = wrapper.framework; name = FBSDKLoginKit.framework; path = FacebookSDKs/FBSDKLoginKit.framework; sourceTree = "<group>"; };
		958AE8351CF362CE00D1F48D /* Bolts.framework */ = {isa = PBXFileReference; lastKnownFileType = wrapper.framework; name = Bolts.framework; path = FacebookSDKs/Bolts.framework; sourceTree = "<group>"; };
		958AE8371CF3664D00D1F48D /* LoginViewController.swift */ = {isa = PBXFileReference; fileEncoding = 4; lastKnownFileType = sourcecode.swift; path = LoginViewController.swift; sourceTree = "<group>"; };
		958F78A61CF3F8BA00207C47 /* Communities.swift */ = {isa = PBXFileReference; fileEncoding = 4; lastKnownFileType = sourcecode.swift; path = Communities.swift; sourceTree = "<group>"; };
		958F78A81CF4ACC800207C47 /* RestDecodable.swift */ = {isa = PBXFileReference; fileEncoding = 4; lastKnownFileType = sourcecode.swift; path = RestDecodable.swift; sourceTree = "<group>"; };
		9596249E1C878FE1007878F6 /* RidesMessagesController.swift */ = {isa = PBXFileReference; fileEncoding = 4; lastKnownFileType = sourcecode.swift; path = RidesMessagesController.swift; sourceTree = "<group>"; };
		959D00771D69201C00D05D57 /* Router.swift */ = {isa = PBXFileReference; fileEncoding = 4; lastKnownFileType = sourcecode.swift; path = Router.swift; sourceTree = "<group>"; };
		959D00791D69641400D05D57 /* Constants.swift */ = {isa = PBXFileReference; fileEncoding = 4; lastKnownFileType = sourcecode.swift; path = Constants.swift; sourceTree = "<group>"; };
		959D7BFA1CE291CC005B0AD8 /* RideDetailController.swift */ = {isa = PBXFileReference; fileEncoding = 4; lastKnownFileType = sourcecode.swift; path = RideDetailController.swift; sourceTree = "<group>"; };
		95AD0A9F1CD2842F00BC304F /* RideTests.swift */ = {isa = PBXFileReference; fileEncoding = 4; lastKnownFileType = sourcecode.swift; path = RideTests.swift; sourceTree = "<group>"; };
		95C7B3991CD2A19B00C7B96C /* MockURLProtocol.swift */ = {isa = PBXFileReference; fileEncoding = 4; lastKnownFileType = sourcecode.swift; path = MockURLProtocol.swift; sourceTree = "<group>"; };
		95D122EC1CD3D8A100ECDFD6 /* RideTableError.xib */ = {isa = PBXFileReference; fileEncoding = 4; lastKnownFileType = file.xib; path = RideTableError.xib; sourceTree = "<group>"; };
		95EB342D1D0281B200B98AFA /* Login.storyboard */ = {isa = PBXFileReference; fileEncoding = 4; lastKnownFileType = file.storyboard; path = Login.storyboard; sourceTree = "<group>"; };
		95EB342F1D03043C00B98AFA /* UIViewControllerExtensions.swift */ = {isa = PBXFileReference; fileEncoding = 4; lastKnownFileType = sourcecode.swift; path = UIViewControllerExtensions.swift; sourceTree = "<group>"; };
		95F0914A1C75847100EDA2B5 /* ShareMyRide.app */ = {isa = PBXFileReference; explicitFileType = wrapper.application; includeInIndex = 0; path = ShareMyRide.app; sourceTree = BUILT_PRODUCTS_DIR; };
		95F0914D1C75847100EDA2B5 /* AppDelegate.swift */ = {isa = PBXFileReference; lastKnownFileType = sourcecode.swift; path = AppDelegate.swift; sourceTree = "<group>"; };
		95F091521C75847100EDA2B5 /* Base */ = {isa = PBXFileReference; lastKnownFileType = file.storyboard; name = Base; path = Base.lproj/Main.storyboard; sourceTree = "<group>"; };
		95F091541C75847100EDA2B5 /* Assets.xcassets */ = {isa = PBXFileReference; lastKnownFileType = folder.assetcatalog; path = Assets.xcassets; sourceTree = "<group>"; };
		95F091571C75847100EDA2B5 /* Base */ = {isa = PBXFileReference; lastKnownFileType = file.storyboard; name = Base; path = Base.lproj/LaunchScreen.storyboard; sourceTree = "<group>"; };
		95F091591C75847100EDA2B5 /* Info.plist */ = {isa = PBXFileReference; lastKnownFileType = text.plist.xml; path = Info.plist; sourceTree = "<group>"; };
		95F0915E1C75847100EDA2B5 /* ShareMyRideTests.xctest */ = {isa = PBXFileReference; explicitFileType = wrapper.cfbundle; includeInIndex = 0; path = ShareMyRideTests.xctest; sourceTree = BUILT_PRODUCTS_DIR; };
		95F091621C75847100EDA2B5 /* ShareMyRideTests.swift */ = {isa = PBXFileReference; lastKnownFileType = sourcecode.swift; path = ShareMyRideTests.swift; sourceTree = "<group>"; };
		95F091641C75847100EDA2B5 /* Info.plist */ = {isa = PBXFileReference; lastKnownFileType = text.plist.xml; path = Info.plist; sourceTree = "<group>"; };
		95F091691C75847100EDA2B5 /* ShareMyRideUITests.xctest */ = {isa = PBXFileReference; explicitFileType = wrapper.cfbundle; includeInIndex = 0; path = ShareMyRideUITests.xctest; sourceTree = BUILT_PRODUCTS_DIR; };
		95F0916D1C75847100EDA2B5 /* ShareMyRideUITests.swift */ = {isa = PBXFileReference; lastKnownFileType = sourcecode.swift; path = ShareMyRideUITests.swift; sourceTree = "<group>"; };
		95F0916F1C75847100EDA2B5 /* Info.plist */ = {isa = PBXFileReference; lastKnownFileType = text.plist.xml; path = Info.plist; sourceTree = "<group>"; };
		95FB87161D455C0A002E9E3B /* SignupViewController.swift */ = {isa = PBXFileReference; fileEncoding = 4; lastKnownFileType = sourcecode.swift; path = SignupViewController.swift; sourceTree = "<group>"; };
		E7C42F67F051E8D82984B015 /* Pods-ShareMyRideTests.debug.xcconfig */ = {isa = PBXFileReference; includeInIndex = 1; lastKnownFileType = text.xcconfig; name = "Pods-ShareMyRideTests.debug.xcconfig"; path = "Pods/Target Support Files/Pods-ShareMyRideTests/Pods-ShareMyRideTests.debug.xcconfig"; sourceTree = "<group>"; };
/* End PBXFileReference section */

/* Begin PBXFrameworksBuildPhase section */
		95F091471C75847100EDA2B5 /* Frameworks */ = {
			isa = PBXFrameworksBuildPhase;
			buildActionMask = 2147483647;
			files = (
				958912C21D08953400E6383F /* CoreData.framework in Frameworks */,
				9BC19BC6305C13B9DC371DC7 /* Pods_ShareMyRide.framework in Frameworks */,
				958AE8321CF35F7E00D1F48D /* FBSDKCoreKit.framework in Frameworks */,
				958AE8341CF362BF00D1F48D /* FBSDKLoginKit.framework in Frameworks */,
				958AE8361CF362CE00D1F48D /* Bolts.framework in Frameworks */,
			);
			runOnlyForDeploymentPostprocessing = 0;
		};
		95F0915B1C75847100EDA2B5 /* Frameworks */ = {
			isa = PBXFrameworksBuildPhase;
			buildActionMask = 2147483647;
			files = (
				2541792A1E82328FC463F0AF /* Pods_ShareMyRideTests.framework in Frameworks */,
			);
			runOnlyForDeploymentPostprocessing = 0;
		};
		95F091661C75847100EDA2B5 /* Frameworks */ = {
			isa = PBXFrameworksBuildPhase;
			buildActionMask = 2147483647;
			files = (
			);
			runOnlyForDeploymentPostprocessing = 0;
		};
/* End PBXFrameworksBuildPhase section */

/* Begin PBXGroup section */
		08CF10C725EE49E6FF6DAEA9 /* Frameworks */ = {
			isa = PBXGroup;
			children = (
				958912C11D08953400E6383F /* CoreData.framework */,
				958AE8351CF362CE00D1F48D /* Bolts.framework */,
				958AE8331CF362BF00D1F48D /* FBSDKLoginKit.framework */,
				958AE8311CF35F7E00D1F48D /* FBSDKCoreKit.framework */,
				6E28EC6072DBFE9FCC1E2C67 /* Pods_ShareMyRide.framework */,
				4DA6925BEF4D309E0D8CBC25 /* Pods_ShareMyRideTests.framework */,
			);
			name = Frameworks;
			sourceTree = "<group>";
		};
		24D541D0D7F3D9B5764B2446 /* Pods */ = {
			isa = PBXGroup;
			children = (
				3B589657EF3281BA97727C4C /* Pods-ShareMyRide.debug.xcconfig */,
				777A2E176309FFBDE18C5648 /* Pods-ShareMyRide.release.xcconfig */,
				E7C42F67F051E8D82984B015 /* Pods-ShareMyRideTests.debug.xcconfig */,
				038BCAB58D4A4DE82590157A /* Pods-ShareMyRideTests.release.xcconfig */,
			);
			name = Pods;
			sourceTree = "<group>";
		};
		95DAF6AD1C78287F0066C435 /* Controllers */ = {
			isa = PBXGroup;
			children = (
				957B25731C7ECA15005555F3 /* RidesController.swift */,
				957B25751C7F90D7005555F3 /* RidesTableViewCell.swift */,
				957B25771C80DB87005555F3 /* RidesConversationController.swift */,
				9596249E1C878FE1007878F6 /* RidesMessagesController.swift */,
				9535CE841CCEAEFE00A0BB83 /* PostRideController.swift */,
				959D7BFA1CE291CC005B0AD8 /* RideDetailController.swift */,
				958AE8371CF3664D00D1F48D /* LoginViewController.swift */,
				952F89C11CFE8D0300DFDC4D /* MainTabBarController.swift */,
				95EB342F1D03043C00B98AFA /* UIViewControllerExtensions.swift */,
				957C419A1D34754F00B93694 /* DestinationResultsController.swift */,
				9514133A1D349BF800679922 /* DestinationSearchController.swift */,
				95FB87161D455C0A002E9E3B /* SignupViewController.swift */,
			);
			name = Controllers;
			sourceTree = "<group>";
		};
		95DAF6AE1C7828960066C435 /* Services */ = {
			isa = PBXGroup;
			children = (
				95315FD61CCC93D900D8C08F /* ISONSDateConverter.swift */,
				953A3E561D28319900FF82F2 /* TimeViewService.swift */,
				959D00771D69201C00D05D57 /* Router.swift */,
			);
			name = Services;
			sourceTree = "<group>";
		};
		95DAF6AF1C7828A80066C435 /* Views */ = {
			isa = PBXGroup;
			children = (
				95F091561C75847100EDA2B5 /* LaunchScreen.storyboard */,
				95F091511C75847100EDA2B5 /* Main.storyboard */,
				95D122EC1CD3D8A100ECDFD6 /* RideTableError.xib */,
				95EB342D1D0281B200B98AFA /* Login.storyboard */,
				953D0FE61D5ACC6B00ADBFC4 /* Loader.storyboard */,
			);
			name = Views;
			sourceTree = "<group>";
		};
		95DAF6B01C7828BD0066C435 /* Application */ = {
			isa = PBXGroup;
			children = (
				95F091591C75847100EDA2B5 /* Info.plist */,
				95F0914D1C75847100EDA2B5 /* AppDelegate.swift */,
				95F091541C75847100EDA2B5 /* Assets.xcassets */,
				957B25791C80DC18005555F3 /* ShareMyRide-Bridging-Header.h */,
				959D00791D69641400D05D57 /* Constants.swift */,
			);
			name = Application;
			sourceTree = "<group>";
		};
		95DAF6B11C7828E90066C435 /* Models */ = {
			isa = PBXGroup;
			children = (
				954B74A31CC3030000F02DCF /* Users.swift */,
				9511AB2E1CCA676E00FE993E /* Ride.swift */,
				958F78A61CF3F8BA00207C47 /* Communities.swift */,
				958F78A81CF4ACC800207C47 /* RestDecodable.swift */,
				9581B0C11D092132000DAE3D /* DataController.swift */,
				9565F1371D3758B600695EED /* MKDestination.swift */,
			);
			name = Models;
			sourceTree = "<group>";
		};
		95F091411C75847100EDA2B5 = {
			isa = PBXGroup;
			children = (
				958912C31D08955900E6383F /* RideAlong.xcdatamodeld */,
				958523A11C7A31B300D6F9C6 /* QuartzCore.framework */,
				95F0914C1C75847100EDA2B5 /* ShareMyRide */,
				95F091611C75847100EDA2B5 /* ShareMyRideTests */,
				95F0916C1C75847100EDA2B5 /* ShareMyRideUITests */,
				95F0914B1C75847100EDA2B5 /* Products */,
				24D541D0D7F3D9B5764B2446 /* Pods */,
				08CF10C725EE49E6FF6DAEA9 /* Frameworks */,
			);
			sourceTree = "<group>";
		};
		95F0914B1C75847100EDA2B5 /* Products */ = {
			isa = PBXGroup;
			children = (
				95F0914A1C75847100EDA2B5 /* ShareMyRide.app */,
				95F0915E1C75847100EDA2B5 /* ShareMyRideTests.xctest */,
				95F091691C75847100EDA2B5 /* ShareMyRideUITests.xctest */,
			);
			name = Products;
			sourceTree = "<group>";
		};
		95F0914C1C75847100EDA2B5 /* ShareMyRide */ = {
			isa = PBXGroup;
			children = (
				95DAF6B11C7828E90066C435 /* Models */,
				95DAF6B01C7828BD0066C435 /* Application */,
				95DAF6AF1C7828A80066C435 /* Views */,
				95DAF6AE1C7828960066C435 /* Services */,
				95DAF6AD1C78287F0066C435 /* Controllers */,
			);
			path = ShareMyRide;
			sourceTree = "<group>";
		};
		95F091611C75847100EDA2B5 /* ShareMyRideTests */ = {
			isa = PBXGroup;
			children = (
				95AD0A9F1CD2842F00BC304F /* RideTests.swift */,
				95F091621C75847100EDA2B5 /* ShareMyRideTests.swift */,
				95F091641C75847100EDA2B5 /* Info.plist */,
				95C7B3991CD2A19B00C7B96C /* MockURLProtocol.swift */,
			);
			path = ShareMyRideTests;
			sourceTree = "<group>";
		};
		95F0916C1C75847100EDA2B5 /* ShareMyRideUITests */ = {
			isa = PBXGroup;
			children = (
				95F0916D1C75847100EDA2B5 /* ShareMyRideUITests.swift */,
				95F0916F1C75847100EDA2B5 /* Info.plist */,
			);
			path = ShareMyRideUITests;
			sourceTree = "<group>";
		};
/* End PBXGroup section */

/* Begin PBXNativeTarget section */
		95F091491C75847100EDA2B5 /* ShareMyRide */ = {
			isa = PBXNativeTarget;
			buildConfigurationList = 95F091721C75847100EDA2B5 /* Build configuration list for PBXNativeTarget "ShareMyRide" */;
			buildPhases = (
				B4BCF99D79F9F7DF342DED5C /* Check Pods Manifest.lock */,
				95F091461C75847100EDA2B5 /* Sources */,
				95F091471C75847100EDA2B5 /* Frameworks */,
				95F091481C75847100EDA2B5 /* Resources */,
				928F313CFD216A4D371BDF7B /* Copy Pods Resources */,
				7F3BAC3ED6E75E571CD39C6C /* Embed Pods Frameworks */,
			);
			buildRules = (
			);
			dependencies = (
			);
			name = ShareMyRide;
			productName = ShareMyRide;
			productReference = 95F0914A1C75847100EDA2B5 /* ShareMyRide.app */;
			productType = "com.apple.product-type.application";
		};
		95F0915D1C75847100EDA2B5 /* ShareMyRideTests */ = {
			isa = PBXNativeTarget;
			buildConfigurationList = 95F091751C75847100EDA2B5 /* Build configuration list for PBXNativeTarget "ShareMyRideTests" */;
			buildPhases = (
				D9DA3BF261B9264214422DA0 /* Check Pods Manifest.lock */,
				95F0915A1C75847100EDA2B5 /* Sources */,
				95F0915B1C75847100EDA2B5 /* Frameworks */,
				95F0915C1C75847100EDA2B5 /* Resources */,
				B344C260D2A66CFE4484CCEA /* Embed Pods Frameworks */,
				D7EA075D647D4BF20D06DE65 /* Copy Pods Resources */,
			);
			buildRules = (
			);
			dependencies = (
				95F091601C75847100EDA2B5 /* PBXTargetDependency */,
			);
			name = ShareMyRideTests;
			productName = ShareMyRideTests;
			productReference = 95F0915E1C75847100EDA2B5 /* ShareMyRideTests.xctest */;
			productType = "com.apple.product-type.bundle.unit-test";
		};
		95F091681C75847100EDA2B5 /* ShareMyRideUITests */ = {
			isa = PBXNativeTarget;
			buildConfigurationList = 95F091781C75847100EDA2B5 /* Build configuration list for PBXNativeTarget "ShareMyRideUITests" */;
			buildPhases = (
				95F091651C75847100EDA2B5 /* Sources */,
				95F091661C75847100EDA2B5 /* Frameworks */,
				95F091671C75847100EDA2B5 /* Resources */,
			);
			buildRules = (
			);
			dependencies = (
				95F0916B1C75847100EDA2B5 /* PBXTargetDependency */,
			);
			name = ShareMyRideUITests;
			productName = ShareMyRideUITests;
			productReference = 95F091691C75847100EDA2B5 /* ShareMyRideUITests.xctest */;
			productType = "com.apple.product-type.bundle.ui-testing";
		};
/* End PBXNativeTarget section */

/* Begin PBXProject section */
		95F091421C75847100EDA2B5 /* Project object */ = {
			isa = PBXProject;
			attributes = {
				LastSwiftUpdateCheck = 0710;
				LastUpgradeCheck = 0710;
				ORGANIZATIONNAME = "Dennis Adjei-Baah";
				TargetAttributes = {
					95F091491C75847100EDA2B5 = {
						CreatedOnToolsVersion = 7.1;
						DevelopmentTeam = LX979PV3AH;
					};
					95F0915D1C75847100EDA2B5 = {
						CreatedOnToolsVersion = 7.1;
						DevelopmentTeam = LX979PV3AH;
						TestTargetID = 95F091491C75847100EDA2B5;
					};
					95F091681C75847100EDA2B5 = {
						CreatedOnToolsVersion = 7.1;
						DevelopmentTeam = LX979PV3AH;
						TestTargetID = 95F091491C75847100EDA2B5;
					};
				};
			};
			buildConfigurationList = 95F091451C75847100EDA2B5 /* Build configuration list for PBXProject "ShareMyRide" */;
			compatibilityVersion = "Xcode 3.2";
			developmentRegion = English;
			hasScannedForEncodings = 0;
			knownRegions = (
				en,
				Base,
			);
			mainGroup = 95F091411C75847100EDA2B5;
			productRefGroup = 95F0914B1C75847100EDA2B5 /* Products */;
			projectDirPath = "";
			projectRoot = "";
			targets = (
				95F091491C75847100EDA2B5 /* ShareMyRide */,
				95F0915D1C75847100EDA2B5 /* ShareMyRideTests */,
				95F091681C75847100EDA2B5 /* ShareMyRideUITests */,
			);
		};
/* End PBXProject section */

/* Begin PBXResourcesBuildPhase section */
		95F091481C75847100EDA2B5 /* Resources */ = {
			isa = PBXResourcesBuildPhase;
			buildActionMask = 2147483647;
			files = (
				95F091581C75847100EDA2B5 /* LaunchScreen.storyboard in Resources */,
				953D0FE71D5ACC6B00ADBFC4 /* Loader.storyboard in Resources */,
				95D122ED1CD3D8A100ECDFD6 /* RideTableError.xib in Resources */,
				95F091551C75847100EDA2B5 /* Assets.xcassets in Resources */,
				95EB342E1D0281B200B98AFA /* Login.storyboard in Resources */,
				95F091531C75847100EDA2B5 /* Main.storyboard in Resources */,
			);
			runOnlyForDeploymentPostprocessing = 0;
		};
		95F0915C1C75847100EDA2B5 /* Resources */ = {
			isa = PBXResourcesBuildPhase;
			buildActionMask = 2147483647;
			files = (
			);
			runOnlyForDeploymentPostprocessing = 0;
		};
		95F091671C75847100EDA2B5 /* Resources */ = {
			isa = PBXResourcesBuildPhase;
			buildActionMask = 2147483647;
			files = (
			);
			runOnlyForDeploymentPostprocessing = 0;
		};
/* End PBXResourcesBuildPhase section */

/* Begin PBXShellScriptBuildPhase section */
		7F3BAC3ED6E75E571CD39C6C /* Embed Pods Frameworks */ = {
			isa = PBXShellScriptBuildPhase;
			buildActionMask = 2147483647;
			files = (
			);
			inputPaths = (
			);
			name = "Embed Pods Frameworks";
			outputPaths = (
			);
			runOnlyForDeploymentPostprocessing = 0;
			shellPath = /bin/sh;
			shellScript = "\"${SRCROOT}/Pods/Target Support Files/Pods-ShareMyRide/Pods-ShareMyRide-frameworks.sh\"\n";
			showEnvVarsInLog = 0;
		};
		928F313CFD216A4D371BDF7B /* Copy Pods Resources */ = {
			isa = PBXShellScriptBuildPhase;
			buildActionMask = 2147483647;
			files = (
			);
			inputPaths = (
			);
			name = "Copy Pods Resources";
			outputPaths = (
			);
			runOnlyForDeploymentPostprocessing = 0;
			shellPath = /bin/sh;
			shellScript = "\"${SRCROOT}/Pods/Target Support Files/Pods-ShareMyRide/Pods-ShareMyRide-resources.sh\"\n";
			showEnvVarsInLog = 0;
		};
		B344C260D2A66CFE4484CCEA /* Embed Pods Frameworks */ = {
			isa = PBXShellScriptBuildPhase;
			buildActionMask = 2147483647;
			files = (
			);
			inputPaths = (
			);
			name = "Embed Pods Frameworks";
			outputPaths = (
			);
			runOnlyForDeploymentPostprocessing = 0;
			shellPath = /bin/sh;
			shellScript = "\"${SRCROOT}/Pods/Target Support Files/Pods-ShareMyRideTests/Pods-ShareMyRideTests-frameworks.sh\"\n";
			showEnvVarsInLog = 0;
		};
		B4BCF99D79F9F7DF342DED5C /* Check Pods Manifest.lock */ = {
			isa = PBXShellScriptBuildPhase;
			buildActionMask = 2147483647;
			files = (
			);
			inputPaths = (
			);
			name = "Check Pods Manifest.lock";
			outputPaths = (
			);
			runOnlyForDeploymentPostprocessing = 0;
			shellPath = /bin/sh;
			shellScript = "diff \"${PODS_ROOT}/../Podfile.lock\" \"${PODS_ROOT}/Manifest.lock\" > /dev/null\nif [[ $? != 0 ]] ; then\n    cat << EOM\nerror: The sandbox is not in sync with the Podfile.lock. Run 'pod install' or update your CocoaPods installation.\nEOM\n    exit 1\nfi\n";
			showEnvVarsInLog = 0;
		};
		D7EA075D647D4BF20D06DE65 /* Copy Pods Resources */ = {
			isa = PBXShellScriptBuildPhase;
			buildActionMask = 2147483647;
			files = (
			);
			inputPaths = (
			);
			name = "Copy Pods Resources";
			outputPaths = (
			);
			runOnlyForDeploymentPostprocessing = 0;
			shellPath = /bin/sh;
			shellScript = "\"${SRCROOT}/Pods/Target Support Files/Pods-ShareMyRideTests/Pods-ShareMyRideTests-resources.sh\"\n";
			showEnvVarsInLog = 0;
		};
		D9DA3BF261B9264214422DA0 /* Check Pods Manifest.lock */ = {
			isa = PBXShellScriptBuildPhase;
			buildActionMask = 2147483647;
			files = (
			);
			inputPaths = (
			);
			name = "Check Pods Manifest.lock";
			outputPaths = (
			);
			runOnlyForDeploymentPostprocessing = 0;
			shellPath = /bin/sh;
			shellScript = "diff \"${PODS_ROOT}/../Podfile.lock\" \"${PODS_ROOT}/Manifest.lock\" > /dev/null\nif [[ $? != 0 ]] ; then\n    cat << EOM\nerror: The sandbox is not in sync with the Podfile.lock. Run 'pod install' or update your CocoaPods installation.\nEOM\n    exit 1\nfi\n";
			showEnvVarsInLog = 0;
		};
/* End PBXShellScriptBuildPhase section */

/* Begin PBXSourcesBuildPhase section */
		95F091461C75847100EDA2B5 /* Sources */ = {
			isa = PBXSourcesBuildPhase;
			buildActionMask = 2147483647;
			files = (
				958AE8381CF3664D00D1F48D /* LoginViewController.swift in Sources */,
				958F78A91CF4ACC800207C47 /* RestDecodable.swift in Sources */,
				95FB87171D455C0A002E9E3B /* SignupViewController.swift in Sources */,
				95315FD71CCC93D900D8C08F /* ISONSDateConverter.swift in Sources */,
				954B74A41CC3030000F02DCF /* Users.swift in Sources */,
				95EB34301D03043C00B98AFA /* UIViewControllerExtensions.swift in Sources */,
				957B25781C80DB87005555F3 /* RidesConversationController.swift in Sources */,
				9511AB2F1CCA676E00FE993E /* Ride.swift in Sources */,
				9535CE851CCEAEFE00A0BB83 /* PostRideController.swift in Sources */,
				9596249F1C878FE1007878F6 /* RidesMessagesController.swift in Sources */,
				959D7BFB1CE291CC005B0AD8 /* RideDetailController.swift in Sources */,
				957C419B1D34754F00B93694 /* DestinationResultsController.swift in Sources */,
				9565F1381D3758B600695EED /* MKDestination.swift in Sources */,
				9581B0C21D092132000DAE3D /* DataController.swift in Sources */,
				95F0914E1C75847100EDA2B5 /* AppDelegate.swift in Sources */,
				958912C51D08955900E6383F /* RideAlong.xcdatamodeld in Sources */,
				959D00781D69201C00D05D57 /* Router.swift in Sources */,
				953A3E571D28319900FF82F2 /* TimeViewService.swift in Sources */,
				957B25741C7ECA15005555F3 /* RidesController.swift in Sources */,
				9514133B1D349BF800679922 /* DestinationSearchController.swift in Sources */,
				958F78A71CF3F8BA00207C47 /* Communities.swift in Sources */,
				957B25761C7F90D7005555F3 /* RidesTableViewCell.swift in Sources */,
				952F89C21CFE8D0300DFDC4D /* MainTabBarController.swift in Sources */,
				959D007A1D69641400D05D57 /* Constants.swift in Sources */,
			);
			runOnlyForDeploymentPostprocessing = 0;
		};
		95F0915A1C75847100EDA2B5 /* Sources */ = {
			isa = PBXSourcesBuildPhase;
			buildActionMask = 2147483647;
			files = (
				95F091631C75847100EDA2B5 /* ShareMyRideTests.swift in Sources */,
				95AD0AA01CD2842F00BC304F /* RideTests.swift in Sources */,
				95C7B39A1CD2A19B00C7B96C /* MockURLProtocol.swift in Sources */,
			);
			runOnlyForDeploymentPostprocessing = 0;
		};
		95F091651C75847100EDA2B5 /* Sources */ = {
			isa = PBXSourcesBuildPhase;
			buildActionMask = 2147483647;
			files = (
				95F0916E1C75847100EDA2B5 /* ShareMyRideUITests.swift in Sources */,
			);
			runOnlyForDeploymentPostprocessing = 0;
		};
/* End PBXSourcesBuildPhase section */

/* Begin PBXTargetDependency section */
		95F091601C75847100EDA2B5 /* PBXTargetDependency */ = {
			isa = PBXTargetDependency;
			target = 95F091491C75847100EDA2B5 /* ShareMyRide */;
			targetProxy = 95F0915F1C75847100EDA2B5 /* PBXContainerItemProxy */;
		};
		95F0916B1C75847100EDA2B5 /* PBXTargetDependency */ = {
			isa = PBXTargetDependency;
			target = 95F091491C75847100EDA2B5 /* ShareMyRide */;
			targetProxy = 95F0916A1C75847100EDA2B5 /* PBXContainerItemProxy */;
		};
/* End PBXTargetDependency section */

/* Begin PBXVariantGroup section */
		95F091511C75847100EDA2B5 /* Main.storyboard */ = {
			isa = PBXVariantGroup;
			children = (
				95F091521C75847100EDA2B5 /* Base */,
			);
			name = Main.storyboard;
			sourceTree = "<group>";
		};
		95F091561C75847100EDA2B5 /* LaunchScreen.storyboard */ = {
			isa = PBXVariantGroup;
			children = (
				95F091571C75847100EDA2B5 /* Base */,
			);
			name = LaunchScreen.storyboard;
			sourceTree = "<group>";
		};
/* End PBXVariantGroup section */

/* Begin XCBuildConfiguration section */
		959D00731D68CEA000D05D57 /* Staging */ = {
			isa = XCBuildConfiguration;
			buildSettings = {
				ALWAYS_SEARCH_USER_PATHS = NO;
				API_ENDPOINT = "https://ridealong-api.herokuapp.com/";
				CLANG_CXX_LANGUAGE_STANDARD = "gnu++0x";
				CLANG_CXX_LIBRARY = "libc++";
				CLANG_ENABLE_MODULES = YES;
				CLANG_ENABLE_OBJC_ARC = YES;
				CLANG_WARN_BOOL_CONVERSION = YES;
				CLANG_WARN_CONSTANT_CONVERSION = YES;
				CLANG_WARN_DIRECT_OBJC_ISA_USAGE = YES_ERROR;
				CLANG_WARN_EMPTY_BODY = YES;
				CLANG_WARN_ENUM_CONVERSION = YES;
				CLANG_WARN_INT_CONVERSION = YES;
				CLANG_WARN_OBJC_ROOT_CLASS = YES_ERROR;
				CLANG_WARN_UNREACHABLE_CODE = YES;
				CLANG_WARN__DUPLICATE_METHOD_MATCH = YES;
				"CODE_SIGN_IDENTITY[sdk=iphoneos*]" = "iPhone Developer";
				COPY_PHASE_STRIP = NO;
				DEBUG_INFORMATION_FORMAT = dwarf;
				ENABLE_STRICT_OBJC_MSGSEND = YES;
				ENABLE_TESTABILITY = YES;
				GCC_C_LANGUAGE_STANDARD = gnu99;
				GCC_DYNAMIC_NO_PIC = NO;
				GCC_NO_COMMON_BLOCKS = YES;
				GCC_OPTIMIZATION_LEVEL = 0;
				GCC_PREPROCESSOR_DEFINITIONS = (
					"$(inherited)",
					"STAGING=1",
				);
				GCC_WARN_64_TO_32_BIT_CONVERSION = YES;
				GCC_WARN_ABOUT_RETURN_TYPE = YES_ERROR;
				GCC_WARN_UNDECLARED_SELECTOR = YES;
				GCC_WARN_UNINITIALIZED_AUTOS = YES_AGGRESSIVE;
				GCC_WARN_UNUSED_FUNCTION = YES;
				GCC_WARN_UNUSED_VARIABLE = YES;
				IPHONEOS_DEPLOYMENT_TARGET = 8.0;
				MTL_ENABLE_DEBUG_INFO = YES;
				ONLY_ACTIVE_ARCH = YES;
				OTHER_SWIFT_FLAGS = "-DSTAGING";
				SDKROOT = iphoneos;
				SWIFT_OBJC_BRIDGING_HEADER = "ShareMyRide/ShareMyRide-Bridging-Header.h";
				SWIFT_OPTIMIZATION_LEVEL = "-Onone";
				SWIFT_VERSION = Yes;
				TARGETED_DEVICE_FAMILY = "1,2";
			};
			name = Staging;
		};
		959D00741D68CEA000D05D57 /* Staging */ = {
			isa = XCBuildConfiguration;
			baseConfigurationReference = 3B589657EF3281BA97727C4C /* Pods-ShareMyRide.debug.xcconfig */;
			buildSettings = {
				ASSETCATALOG_COMPILER_APPICON_NAME = AppIcon;
				FRAMEWORK_SEARCH_PATHS = (
					"$(inherited)",
					"$(PROJECT_DIR)/FacebookSDKs",
				);
				INFOPLIST_FILE = ShareMyRide/Info.plist;
				IPHONEOS_DEPLOYMENT_TARGET = 8.0;
				LD_RUNPATH_SEARCH_PATHS = "$(inherited) @executable_path/Frameworks";
				PRODUCT_BUNDLE_IDENTIFIER = com.onecreation.apps.mobile.ShareMyRide;
				PRODUCT_NAME = "$(TARGET_NAME)";
			};
			name = Staging;
		};
		959D00751D68CEA000D05D57 /* Staging */ = {
			isa = XCBuildConfiguration;
			baseConfigurationReference = E7C42F67F051E8D82984B015 /* Pods-ShareMyRideTests.debug.xcconfig */;
			buildSettings = {
				BUNDLE_LOADER = "$(TEST_HOST)";
				INFOPLIST_FILE = ShareMyRideTests/Info.plist;
				LD_RUNPATH_SEARCH_PATHS = "$(inherited) @executable_path/Frameworks @loader_path/Frameworks";
				PRODUCT_BUNDLE_IDENTIFIER = com.onecreation.apps.mobile.ShareMyRideTests;
				PRODUCT_NAME = "$(TARGET_NAME)";
				TEST_HOST = "$(BUILT_PRODUCTS_DIR)/ShareMyRide.app/ShareMyRide";
			};
			name = Staging;
		};
		959D00761D68CEA000D05D57 /* Staging */ = {
			isa = XCBuildConfiguration;
			buildSettings = {
				INFOPLIST_FILE = ShareMyRideUITests/Info.plist;
				LD_RUNPATH_SEARCH_PATHS = "$(inherited) @executable_path/Frameworks @loader_path/Frameworks";
				PRODUCT_BUNDLE_IDENTIFIER = com.onecreation.apps.mobile.ShareMyRideUITests;
				PRODUCT_NAME = "$(TARGET_NAME)";
				TEST_TARGET_NAME = ShareMyRide;
				USES_XCTRUNNER = YES;
			};
			name = Staging;
		};
		95F091701C75847100EDA2B5 /* Debug */ = {
			isa = XCBuildConfiguration;
			buildSettings = {
				ALWAYS_SEARCH_USER_PATHS = NO;
				API_ENDPOINT = "http://localhost:8000";
				CLANG_CXX_LANGUAGE_STANDARD = "gnu++0x";
				CLANG_CXX_LIBRARY = "libc++";
				CLANG_ENABLE_MODULES = YES;
				CLANG_ENABLE_OBJC_ARC = YES;
				CLANG_WARN_BOOL_CONVERSION = YES;
				CLANG_WARN_CONSTANT_CONVERSION = YES;
				CLANG_WARN_DIRECT_OBJC_ISA_USAGE = YES_ERROR;
				CLANG_WARN_EMPTY_BODY = YES;
				CLANG_WARN_ENUM_CONVERSION = YES;
				CLANG_WARN_INT_CONVERSION = YES;
				CLANG_WARN_OBJC_ROOT_CLASS = YES_ERROR;
				CLANG_WARN_UNREACHABLE_CODE = YES;
				CLANG_WARN__DUPLICATE_METHOD_MATCH = YES;
				"CODE_SIGN_IDENTITY[sdk=iphoneos*]" = "iPhone Developer";
				COPY_PHASE_STRIP = NO;
				DEBUG_INFORMATION_FORMAT = dwarf;
				ENABLE_STRICT_OBJC_MSGSEND = YES;
				ENABLE_TESTABILITY = YES;
				GCC_C_LANGUAGE_STANDARD = gnu99;
				GCC_DYNAMIC_NO_PIC = NO;
				GCC_NO_COMMON_BLOCKS = YES;
				GCC_OPTIMIZATION_LEVEL = 0;
				GCC_PREPROCESSOR_DEFINITIONS = (
					"DEBUG=1",
					"$(inherited)",
				);
				GCC_WARN_64_TO_32_BIT_CONVERSION = YES;
				GCC_WARN_ABOUT_RETURN_TYPE = YES_ERROR;
				GCC_WARN_UNDECLARED_SELECTOR = YES;
				GCC_WARN_UNINITIALIZED_AUTOS = YES_AGGRESSIVE;
				GCC_WARN_UNUSED_FUNCTION = YES;
				GCC_WARN_UNUSED_VARIABLE = YES;
				IPHONEOS_DEPLOYMENT_TARGET = 8.0;
				MTL_ENABLE_DEBUG_INFO = YES;
				"MTL_ENABLE_DEBUG_INFO[arch=*]" = YES;
				ONLY_ACTIVE_ARCH = YES;
				OTHER_SWIFT_FLAGS = "-DDEBUG";
				SDKROOT = iphoneos;
				SWIFT_OBJC_BRIDGING_HEADER = "ShareMyRide/ShareMyRide-Bridging-Header.h";
				SWIFT_OPTIMIZATION_LEVEL = "-Onone";
				SWIFT_VERSION = Yes;
				TARGETED_DEVICE_FAMILY = "1,2";
			};
			name = Debug;
		};
		95F091711C75847100EDA2B5 /* Release */ = {
			isa = XCBuildConfiguration;
			buildSettings = {
				ALWAYS_SEARCH_USER_PATHS = NO;
				API_ENDPOINT = "https://ridealong-api.herokuapp.com/";
				CLANG_CXX_LANGUAGE_STANDARD = "gnu++0x";
				CLANG_CXX_LIBRARY = "libc++";
				CLANG_ENABLE_MODULES = YES;
				CLANG_ENABLE_OBJC_ARC = YES;
				CLANG_WARN_BOOL_CONVERSION = YES;
				CLANG_WARN_CONSTANT_CONVERSION = YES;
				CLANG_WARN_DIRECT_OBJC_ISA_USAGE = YES_ERROR;
				CLANG_WARN_EMPTY_BODY = YES;
				CLANG_WARN_ENUM_CONVERSION = YES;
				CLANG_WARN_INT_CONVERSION = YES;
				CLANG_WARN_OBJC_ROOT_CLASS = YES_ERROR;
				CLANG_WARN_UNREACHABLE_CODE = YES;
				CLANG_WARN__DUPLICATE_METHOD_MATCH = YES;
				"CODE_SIGN_IDENTITY[sdk=iphoneos*]" = "iPhone Developer";
				COPY_PHASE_STRIP = NO;
				DEBUG_INFORMATION_FORMAT = "dwarf-with-dsym";
				ENABLE_NS_ASSERTIONS = NO;
				ENABLE_STRICT_OBJC_MSGSEND = YES;
				GCC_C_LANGUAGE_STANDARD = gnu99;
				GCC_NO_COMMON_BLOCKS = YES;
				GCC_WARN_64_TO_32_BIT_CONVERSION = YES;
				GCC_WARN_ABOUT_RETURN_TYPE = YES_ERROR;
				GCC_WARN_UNDECLARED_SELECTOR = YES;
				GCC_WARN_UNINITIALIZED_AUTOS = YES_AGGRESSIVE;
				GCC_WARN_UNUSED_FUNCTION = YES;
				GCC_WARN_UNUSED_VARIABLE = YES;
				IPHONEOS_DEPLOYMENT_TARGET = 8.0;
				MTL_ENABLE_DEBUG_INFO = NO;
				SDKROOT = iphoneos;
				SWIFT_OBJC_BRIDGING_HEADER = "ShareMyRide/ShareMyRide-Bridging-Header.h";
				SWIFT_VERSION = Yes;
				TARGETED_DEVICE_FAMILY = "1,2";
				VALIDATE_PRODUCT = YES;
			};
			name = Release;
		};
		95F091731C75847100EDA2B5 /* Debug */ = {
			isa = XCBuildConfiguration;
			baseConfigurationReference = 3B589657EF3281BA97727C4C /* Pods-ShareMyRide.debug.xcconfig */;
			buildSettings = {
				ASSETCATALOG_COMPILER_APPICON_NAME = AppIcon;
				FRAMEWORK_SEARCH_PATHS = (
					"$(inherited)",
					"$(PROJECT_DIR)/FacebookSDKs",
				);
				INFOPLIST_FILE = ShareMyRide/Info.plist;
				IPHONEOS_DEPLOYMENT_TARGET = 8.0;
				LD_RUNPATH_SEARCH_PATHS = "$(inherited) @executable_path/Frameworks";
				PRODUCT_BUNDLE_IDENTIFIER = com.onecreation.apps.mobile.ShareMyRide;
				PRODUCT_NAME = "$(TARGET_NAME)";
			};
			name = Debug;
		};
		95F091741C75847100EDA2B5 /* Release */ = {
			isa = XCBuildConfiguration;
			baseConfigurationReference = 777A2E176309FFBDE18C5648 /* Pods-ShareMyRide.release.xcconfig */;
			buildSettings = {
				ASSETCATALOG_COMPILER_APPICON_NAME = AppIcon;
				FRAMEWORK_SEARCH_PATHS = (
					"$(inherited)",
					"$(PROJECT_DIR)/FacebookSDKs",
				);
				INFOPLIST_FILE = ShareMyRide/Info.plist;
				IPHONEOS_DEPLOYMENT_TARGET = 8.0;
				LD_RUNPATH_SEARCH_PATHS = "$(inherited) @executable_path/Frameworks";
				PRODUCT_BUNDLE_IDENTIFIER = com.onecreation.apps.mobile.ShareMyRide;
				PRODUCT_NAME = "$(TARGET_NAME)";
			};
			name = Release;
		};
		95F091761C75847100EDA2B5 /* Debug */ = {
			isa = XCBuildConfiguration;
			baseConfigurationReference = E7C42F67F051E8D82984B015 /* Pods-ShareMyRideTests.debug.xcconfig */;
			buildSettings = {
				BUNDLE_LOADER = "$(TEST_HOST)";
				INFOPLIST_FILE = ShareMyRideTests/Info.plist;
				LD_RUNPATH_SEARCH_PATHS = "$(inherited) @executable_path/Frameworks @loader_path/Frameworks";
				PRODUCT_BUNDLE_IDENTIFIER = com.onecreation.apps.mobile.ShareMyRideTests;
				PRODUCT_NAME = "$(TARGET_NAME)";
				TEST_HOST = "$(BUILT_PRODUCTS_DIR)/ShareMyRide.app/ShareMyRide";
			};
			name = Debug;
		};
		95F091771C75847100EDA2B5 /* Release */ = {
			isa = XCBuildConfiguration;
			baseConfigurationReference = 038BCAB58D4A4DE82590157A /* Pods-ShareMyRideTests.release.xcconfig */;
			buildSettings = {
				BUNDLE_LOADER = "$(TEST_HOST)";
				INFOPLIST_FILE = ShareMyRideTests/Info.plist;
				LD_RUNPATH_SEARCH_PATHS = "$(inherited) @executable_path/Frameworks @loader_path/Frameworks";
				PRODUCT_BUNDLE_IDENTIFIER = com.onecreation.apps.mobile.ShareMyRideTests;
				PRODUCT_NAME = "$(TARGET_NAME)";
				TEST_HOST = "$(BUILT_PRODUCTS_DIR)/ShareMyRide.app/ShareMyRide";
			};
			name = Release;
		};
		95F091791C75847100EDA2B5 /* Debug */ = {
			isa = XCBuildConfiguration;
			buildSettings = {
				INFOPLIST_FILE = ShareMyRideUITests/Info.plist;
				LD_RUNPATH_SEARCH_PATHS = "$(inherited) @executable_path/Frameworks @loader_path/Frameworks";
				PRODUCT_BUNDLE_IDENTIFIER = com.onecreation.apps.mobile.ShareMyRideUITests;
				PRODUCT_NAME = "$(TARGET_NAME)";
				TEST_TARGET_NAME = ShareMyRide;
				USES_XCTRUNNER = YES;
			};
			name = Debug;
		};
		95F0917A1C75847100EDA2B5 /* Release */ = {
			isa = XCBuildConfiguration;
			buildSettings = {
				INFOPLIST_FILE = ShareMyRideUITests/Info.plist;
				LD_RUNPATH_SEARCH_PATHS = "$(inherited) @executable_path/Frameworks @loader_path/Frameworks";
				PRODUCT_BUNDLE_IDENTIFIER = com.onecreation.apps.mobile.ShareMyRideUITests;
				PRODUCT_NAME = "$(TARGET_NAME)";
				TEST_TARGET_NAME = ShareMyRide;
				USES_XCTRUNNER = YES;
			};
			name = Release;
		};
/* End XCBuildConfiguration section */

/* Begin XCConfigurationList section */
		95F091451C75847100EDA2B5 /* Build configuration list for PBXProject "ShareMyRide" */ = {
			isa = XCConfigurationList;
			buildConfigurations = (
				95F091701C75847100EDA2B5 /* Debug */,
				959D00731D68CEA000D05D57 /* Staging */,
				95F091711C75847100EDA2B5 /* Release */,
			);
			defaultConfigurationIsVisible = 0;
			defaultConfigurationName = Release;
		};
		95F091721C75847100EDA2B5 /* Build configuration list for PBXNativeTarget "ShareMyRide" */ = {
			isa = XCConfigurationList;
			buildConfigurations = (
				95F091731C75847100EDA2B5 /* Debug */,
				959D00741D68CEA000D05D57 /* Staging */,
				95F091741C75847100EDA2B5 /* Release */,
			);
			defaultConfigurationIsVisible = 0;
			defaultConfigurationName = Release;
		};
		95F091751C75847100EDA2B5 /* Build configuration list for PBXNativeTarget "ShareMyRideTests" */ = {
			isa = XCConfigurationList;
			buildConfigurations = (
				95F091761C75847100EDA2B5 /* Debug */,
				959D00751D68CEA000D05D57 /* Staging */,
				95F091771C75847100EDA2B5 /* Release */,
			);
			defaultConfigurationIsVisible = 0;
			defaultConfigurationName = Release;
		};
		95F091781C75847100EDA2B5 /* Build configuration list for PBXNativeTarget "ShareMyRideUITests" */ = {
			isa = XCConfigurationList;
			buildConfigurations = (
				95F091791C75847100EDA2B5 /* Debug */,
				959D00761D68CEA000D05D57 /* Staging */,
				95F0917A1C75847100EDA2B5 /* Release */,
			);
			defaultConfigurationIsVisible = 0;
			defaultConfigurationName = Release;
		};
/* End XCConfigurationList section */

/* Begin XCVersionGroup section */
		958912C31D08955900E6383F /* RideAlong.xcdatamodeld */ = {
			isa = XCVersionGroup;
			children = (
				958912C41D08955900E6383F /* RideAlong.xcdatamodel */,
			);
			currentVersion = 958912C41D08955900E6383F /* RideAlong.xcdatamodel */;
			path = RideAlong.xcdatamodeld;
			sourceTree = "<group>";
			versionGroupType = wrapper.xcdatamodel;
		};
/* End XCVersionGroup section */
	};
	rootObject = 95F091421C75847100EDA2B5 /* Project object */;
}
